
Microsoft Visual Studio Solution File, Format Version 12.00
# Visual Studio 15
VisualStudioVersion = 15.0.28307.572
MinimumVisualStudioVersion = 10.0.40219.1
Project("{2150E333-8FDC-42A3-9474-1A3956D46DE8}") = "Application", "Application", "{3E29AAF2-F65D-4750-8DB8-DB4E959F08C7}"
EndProject
Project("{2150E333-8FDC-42A3-9474-1A3956D46DE8}") = "Domain", "Domain", "{9D451228-062A-449C-A2A9-93BEB59799E2}"
EndProject
Project("{2150E333-8FDC-42A3-9474-1A3956D46DE8}") = "Infra", "Infra", "{861E91BF-A159-4980-A0F9-3156D98E8D22}"
EndProject
Project("{2150E333-8FDC-42A3-9474-1A3956D46DE8}") = "Integration", "Integration", "{FDC90C6B-FF0C-4253-BEB8-C2B0BB7E60EB}"
EndProject
Project("{2150E333-8FDC-42A3-9474-1A3956D46DE8}") = "Data", "Data", "{FFC4941C-9EA7-4D96-901F-00A43902784A}"
EndProject
Project("{2150E333-8FDC-42A3-9474-1A3956D46DE8}") = "CrossCutting", "CrossCutting", "{90496A30-784E-463D-A088-CE4AC2985BD6}"
EndProject
Project("{9A19103F-16F7-4668-BE54-9A1E7A4F7556}") = "App.Domain", "src\Domain\App.Domain\App.Domain.csproj", "{883ABBA9-1CCB-4C38-9E55-A7D72783C8C8}"
EndProject
Project("{9A19103F-16F7-4668-BE54-9A1E7A4F7556}") = "App.Infra.CrossCutting", "src\Infra\CrossCutting\App.Infra.CrossCutting\App.Infra.CrossCutting.csproj", "{43976984-7C0C-4321-A7C3-29C91993EAA1}"
EndProject
Project("{9A19103F-16F7-4668-BE54-9A1E7A4F7556}") = "App.Infra.Integration.Datadog", "src\Infra\Integration\App.Infra.Integration.Datadog\App.Infra.Integration.Datadog.csproj", "{FDB355CB-BEE5-4811-9A38-B4BF42A263D1}"
EndProject
Project("{2150E333-8FDC-42A3-9474-1A3956D46DE8}") = "Presentation", "Presentation", "{25DF5527-F88A-4227-9946-CE1DE5399E71}"
EndProject
Project("{2150E333-8FDC-42A3-9474-1A3956D46DE8}") = "Test", "Test", "{828A1A7A-BA0E-4B15-BA8E-91B2A6CFC073}"
EndProject
Project("{9A19103F-16F7-4668-BE54-9A1E7A4F7556}") = "App.WebApi", "src\Presentation\App.WebApi\App.WebApi.csproj", "{F01903C0-9A1B-4EFC-BB9A-B4FFDF9D49E1}"
EndProject
Project("{9A19103F-16F7-4668-BE54-9A1E7A4F7556}") = "App.Application.Authentication", "src\Application\App.Application.Authentication\App.Application.Authentication.csproj", "{7695622E-F8CF-46CE-BC28-FDEF17D7FC9C}"
EndProject
Project("{9A19103F-16F7-4668-BE54-9A1E7A4F7556}") = "App.Infra.Integration.SendGrid", "src\Infra\Integration\App.Infra.Integration.SendGrid\App.Infra.Integration.SendGrid.csproj", "{0F6ED90A-FD95-459F-8D4F-744F52CCAD84}"
EndProject
Project("{9A19103F-16F7-4668-BE54-9A1E7A4F7556}") = "App.Infra.Data", "src\Infra\Data\App.Infra.Data\App.Infra.Data.csproj", "{8C88E801-808D-4A9A-BCC5-E6C44CF554FC}"
EndProject
Project("{9A19103F-16F7-4668-BE54-9A1E7A4F7556}") = "App.Infra.Integration.Sentry", "src\Infra\Integration\App.Infra.Integration.Sentry\App.Infra.Integration.Sentry.csproj", "{8F1CCEEF-E1C6-42E5-BB3F-039A8C472E8B}"
EndProject
Project("{9A19103F-16F7-4668-BE54-9A1E7A4F7556}") = "App.Infra.Integration.Twilio", "src\Infra\Integration\App.Infra.Integration.Twilio\App.Infra.Integration.Twilio.csproj", "{4500F91D-3121-40DE-BB35-E95F91BE98D2}"
EndProject
Project("{9A19103F-16F7-4668-BE54-9A1E7A4F7556}") = "App.Infra.Integration.Redis", "src\Infra\Integration\App.Infra.Integration.Redis\App.Infra.Integration.Redis.csproj", "{6BF861D3-F6B2-4295-8A8A-BAB56082D93E}"
EndProject
Project("{9A19103F-16F7-4668-BE54-9A1E7A4F7556}") = "App.Infra.Integration.Aws", "src\Infra\Integration\App.Infra.Integration.Aws\App.Infra.Integration.Aws.csproj", "{081D665F-21AE-47BB-B4F4-294996BA6834}"
EndProject
Project("{9A19103F-16F7-4668-BE54-9A1E7A4F7556}") = "App.Infra.Integration.RabbitMq", "src\Infra\Integration\App.Infra.Integration.RabbitMq\App.Infra.Integration.RabbitMq.csproj", "{1CCAA34B-A2C6-475E-BAAC-A2A464B205B3}"
EndProject
Project("{2150E333-8FDC-42A3-9474-1A3956D46DE8}") = "Bootstrap", "Bootstrap", "{36DF253C-335E-4CB4-8BE8-CEC6A520E216}"
EndProject
Project("{9A19103F-16F7-4668-BE54-9A1E7A4F7556}") = "App.Bootstrap", "src\Bootstrap\App.Infra.Bootstrap\App.Bootstrap.csproj", "{F9E14462-2F52-4299-856C-C00758F0E0BF}"
EndProject
Project("{2150E333-8FDC-42A3-9474-1A3956D46DE8}") = "Implementations", "Implementations", "{395515D7-7555-4207-B04A-81AD5C6975C3}"
EndProject
Project("{FAE04EC0-301F-11D3-BF4B-00C04F79EFBC}") = "App.Infra.Implementation.GeoLocation", "src\Infra\Implementations\App.Infra.Implementation.Geolocation\App.Infra.Implementation.GeoLocation.csproj", "{EB076B81-6F72-47A2-AC9C-E2C7990CD614}"
EndProject
Global
	GlobalSection(SolutionConfigurationPlatforms) = preSolution
		Debug|Any CPU = Debug|Any CPU
		Release|Any CPU = Release|Any CPU
	EndGlobalSection
	GlobalSection(ProjectConfigurationPlatforms) = postSolution
		{883ABBA9-1CCB-4C38-9E55-A7D72783C8C8}.Debug|Any CPU.ActiveCfg = Debug|Any CPU
		{883ABBA9-1CCB-4C38-9E55-A7D72783C8C8}.Debug|Any CPU.Build.0 = Debug|Any CPU
		{883ABBA9-1CCB-4C38-9E55-A7D72783C8C8}.Release|Any CPU.ActiveCfg = Release|Any CPU
		{883ABBA9-1CCB-4C38-9E55-A7D72783C8C8}.Release|Any CPU.Build.0 = Release|Any CPU
		{43976984-7C0C-4321-A7C3-29C91993EAA1}.Debug|Any CPU.ActiveCfg = Debug|Any CPU
		{43976984-7C0C-4321-A7C3-29C91993EAA1}.Debug|Any CPU.Build.0 = Debug|Any CPU
		{43976984-7C0C-4321-A7C3-29C91993EAA1}.Release|Any CPU.ActiveCfg = Release|Any CPU
		{43976984-7C0C-4321-A7C3-29C91993EAA1}.Release|Any CPU.Build.0 = Release|Any CPU
		{FDB355CB-BEE5-4811-9A38-B4BF42A263D1}.Debug|Any CPU.ActiveCfg = Debug|Any CPU
		{FDB355CB-BEE5-4811-9A38-B4BF42A263D1}.Debug|Any CPU.Build.0 = Debug|Any CPU
		{FDB355CB-BEE5-4811-9A38-B4BF42A263D1}.Release|Any CPU.ActiveCfg = Release|Any CPU
		{FDB355CB-BEE5-4811-9A38-B4BF42A263D1}.Release|Any CPU.Build.0 = Release|Any CPU
		{F01903C0-9A1B-4EFC-BB9A-B4FFDF9D49E1}.Debug|Any CPU.ActiveCfg = Debug|Any CPU
		{F01903C0-9A1B-4EFC-BB9A-B4FFDF9D49E1}.Debug|Any CPU.Build.0 = Debug|Any CPU
		{F01903C0-9A1B-4EFC-BB9A-B4FFDF9D49E1}.Release|Any CPU.ActiveCfg = Release|Any CPU
		{F01903C0-9A1B-4EFC-BB9A-B4FFDF9D49E1}.Release|Any CPU.Build.0 = Release|Any CPU
		{7695622E-F8CF-46CE-BC28-FDEF17D7FC9C}.Debug|Any CPU.ActiveCfg = Debug|Any CPU
		{7695622E-F8CF-46CE-BC28-FDEF17D7FC9C}.Debug|Any CPU.Build.0 = Debug|Any CPU
		{7695622E-F8CF-46CE-BC28-FDEF17D7FC9C}.Release|Any CPU.ActiveCfg = Release|Any CPU
		{7695622E-F8CF-46CE-BC28-FDEF17D7FC9C}.Release|Any CPU.Build.0 = Release|Any CPU
		{0F6ED90A-FD95-459F-8D4F-744F52CCAD84}.Debug|Any CPU.ActiveCfg = Debug|Any CPU
		{0F6ED90A-FD95-459F-8D4F-744F52CCAD84}.Debug|Any CPU.Build.0 = Debug|Any CPU
		{0F6ED90A-FD95-459F-8D4F-744F52CCAD84}.Release|Any CPU.ActiveCfg = Release|Any CPU
		{0F6ED90A-FD95-459F-8D4F-744F52CCAD84}.Release|Any CPU.Build.0 = Release|Any CPU
		{8C88E801-808D-4A9A-BCC5-E6C44CF554FC}.Debug|Any CPU.ActiveCfg = Debug|Any CPU
		{8C88E801-808D-4A9A-BCC5-E6C44CF554FC}.Debug|Any CPU.Build.0 = Debug|Any CPU
		{8C88E801-808D-4A9A-BCC5-E6C44CF554FC}.Release|Any CPU.ActiveCfg = Release|Any CPU
		{8C88E801-808D-4A9A-BCC5-E6C44CF554FC}.Release|Any CPU.Build.0 = Release|Any CPU
		{8F1CCEEF-E1C6-42E5-BB3F-039A8C472E8B}.Debug|Any CPU.ActiveCfg = Debug|Any CPU
		{8F1CCEEF-E1C6-42E5-BB3F-039A8C472E8B}.Debug|Any CPU.Build.0 = Debug|Any CPU
		{8F1CCEEF-E1C6-42E5-BB3F-039A8C472E8B}.Release|Any CPU.ActiveCfg = Release|Any CPU
		{8F1CCEEF-E1C6-42E5-BB3F-039A8C472E8B}.Release|Any CPU.Build.0 = Release|Any CPU
		{4500F91D-3121-40DE-BB35-E95F91BE98D2}.Debug|Any CPU.ActiveCfg = Debug|Any CPU
		{4500F91D-3121-40DE-BB35-E95F91BE98D2}.Debug|Any CPU.Build.0 = Debug|Any CPU
		{4500F91D-3121-40DE-BB35-E95F91BE98D2}.Release|Any CPU.ActiveCfg = Release|Any CPU
		{4500F91D-3121-40DE-BB35-E95F91BE98D2}.Release|Any CPU.Build.0 = Release|Any CPU
		{6BF861D3-F6B2-4295-8A8A-BAB56082D93E}.Debug|Any CPU.ActiveCfg = Debug|Any CPU
		{6BF861D3-F6B2-4295-8A8A-BAB56082D93E}.Debug|Any CPU.Build.0 = Debug|Any CPU
		{6BF861D3-F6B2-4295-8A8A-BAB56082D93E}.Release|Any CPU.ActiveCfg = Release|Any CPU
		{6BF861D3-F6B2-4295-8A8A-BAB56082D93E}.Release|Any CPU.Build.0 = Release|Any CPU
		{081D665F-21AE-47BB-B4F4-294996BA6834}.Debug|Any CPU.ActiveCfg = Debug|Any CPU
		{081D665F-21AE-47BB-B4F4-294996BA6834}.Debug|Any CPU.Build.0 = Debug|Any CPU
		{081D665F-21AE-47BB-B4F4-294996BA6834}.Release|Any CPU.ActiveCfg = Release|Any CPU
		{081D665F-21AE-47BB-B4F4-294996BA6834}.Release|Any CPU.Build.0 = Release|Any CPU
		{1CCAA34B-A2C6-475E-BAAC-A2A464B205B3}.Debug|Any CPU.ActiveCfg = Debug|Any CPU
		{1CCAA34B-A2C6-475E-BAAC-A2A464B205B3}.Debug|Any CPU.Build.0 = Debug|Any CPU
		{1CCAA34B-A2C6-475E-BAAC-A2A464B205B3}.Release|Any CPU.ActiveCfg = Release|Any CPU
		{1CCAA34B-A2C6-475E-BAAC-A2A464B205B3}.Release|Any CPU.Build.0 = Release|Any CPU
		{F9E14462-2F52-4299-856C-C00758F0E0BF}.Debug|Any CPU.ActiveCfg = Debug|Any CPU
		{F9E14462-2F52-4299-856C-C00758F0E0BF}.Debug|Any CPU.Build.0 = Debug|Any CPU
		{F9E14462-2F52-4299-856C-C00758F0E0BF}.Release|Any CPU.ActiveCfg = Release|Any CPU
		{F9E14462-2F52-4299-856C-C00758F0E0BF}.Release|Any CPU.Build.0 = Release|Any CPU
		{EB076B81-6F72-47A2-AC9C-E2C7990CD614}.Debug|Any CPU.ActiveCfg = Debug|Any CPU
		{EB076B81-6F72-47A2-AC9C-E2C7990CD614}.Debug|Any CPU.Build.0 = Debug|Any CPU
		{EB076B81-6F72-47A2-AC9C-E2C7990CD614}.Release|Any CPU.ActiveCfg = Release|Any CPU
		{EB076B81-6F72-47A2-AC9C-E2C7990CD614}.Release|Any CPU.Build.0 = Release|Any CPU
	EndGlobalSection
	GlobalSection(SolutionProperties) = preSolution
		HideSolutionNode = FALSE
	EndGlobalSection
	GlobalSection(NestedProjects) = preSolution
		{FDC90C6B-FF0C-4253-BEB8-C2B0BB7E60EB} = {861E91BF-A159-4980-A0F9-3156D98E8D22}
		{FFC4941C-9EA7-4D96-901F-00A43902784A} = {861E91BF-A159-4980-A0F9-3156D98E8D22}
		{90496A30-784E-463D-A088-CE4AC2985BD6} = {861E91BF-A159-4980-A0F9-3156D98E8D22}
		{883ABBA9-1CCB-4C38-9E55-A7D72783C8C8} = {9D451228-062A-449C-A2A9-93BEB59799E2}
		{43976984-7C0C-4321-A7C3-29C91993EAA1} = {90496A30-784E-463D-A088-CE4AC2985BD6}
		{FDB355CB-BEE5-4811-9A38-B4BF42A263D1} = {FDC90C6B-FF0C-4253-BEB8-C2B0BB7E60EB}
		{F01903C0-9A1B-4EFC-BB9A-B4FFDF9D49E1} = {25DF5527-F88A-4227-9946-CE1DE5399E71}
		{7695622E-F8CF-46CE-BC28-FDEF17D7FC9C} = {3E29AAF2-F65D-4750-8DB8-DB4E959F08C7}
		{0F6ED90A-FD95-459F-8D4F-744F52CCAD84} = {FDC90C6B-FF0C-4253-BEB8-C2B0BB7E60EB}
		{8C88E801-808D-4A9A-BCC5-E6C44CF554FC} = {FFC4941C-9EA7-4D96-901F-00A43902784A}
		{8F1CCEEF-E1C6-42E5-BB3F-039A8C472E8B} = {FDC90C6B-FF0C-4253-BEB8-C2B0BB7E60EB}
		{4500F91D-3121-40DE-BB35-E95F91BE98D2} = {FDC90C6B-FF0C-4253-BEB8-C2B0BB7E60EB}
		{6BF861D3-F6B2-4295-8A8A-BAB56082D93E} = {FDC90C6B-FF0C-4253-BEB8-C2B0BB7E60EB}
		{081D665F-21AE-47BB-B4F4-294996BA6834} = {FDC90C6B-FF0C-4253-BEB8-C2B0BB7E60EB}
		{1CCAA34B-A2C6-475E-BAAC-A2A464B205B3} = {FDC90C6B-FF0C-4253-BEB8-C2B0BB7E60EB}
		{F9E14462-2F52-4299-856C-C00758F0E0BF} = {36DF253C-335E-4CB4-8BE8-CEC6A520E216}
		{395515D7-7555-4207-B04A-81AD5C6975C3} = {861E91BF-A159-4980-A0F9-3156D98E8D22}
		{EB076B81-6F72-47A2-AC9C-E2C7990CD614} = {395515D7-7555-4207-B04A-81AD5C6975C3}
	EndGlobalSection
	GlobalSection(ExtensibilityGlobals) = postSolution
		SolutionGuid = {A2FED6BE-CF09-45EB-9124-5E612191DB71}
	EndGlobalSection
EndGlobal
